lockfileVersion: '9.0'

settings:
  autoInstallPeers: true
  excludeLinksFromLockfile: false

importers:

  .:
    dependencies:
      '@noble/ed25519':
        specifier: ^3.0.0
        version: 3.0.0

packages:

  '@noble/ed25519@3.0.0':
    resolution: {integrity: sha512-QyteqMNm0GLqfa5SoYbSC3+Pvykwpn95Zgth4MFVSMKBB75ELl9tX1LAVsN4c3HXOrakHsF2gL4zWDAYCcsnzg==}

snapshots:

  '@noble/ed25519@3.0.0': {}
